PODS:
  - app_links (0.0.1):
    - Flutter
  - device_info_plus (0.0.1):
    - Flutter
  - file_selector_ios (0.0.1):
    - Flutter
  - Flutter (1.0.0)
  - image_picker_ios (0.0.1):
    - Flutter
  - integration_test (0.0.1):
    - Flutter
  - media_kit_libs_ios_video (1.0.4):
    - Flutter
  - media_kit_native_event_loop (1.0.0):
    - Flutter
  - media_kit_video (0.0.1):
    - Flutter
  - package_info_plus (0.4.5):
    - Flutter
  - path_provider_foundation (0.0.1):
    - Flutter
    - FlutterMacOS
  - screen_brightness_ios (0.1.0):
    - Flutter
  - shared_preferences_foundation (0.0.1):
    - Flutter
    - FlutterMacOS
  - sign_in_with_apple (0.0.1):
    - Flutter
  - sqlite3 (3.41.2):
    - sqlite3/common (= 3.41.2)
  - sqlite3/common (3.41.2)
  - sqlite3/fts5 (3.41.2):
    - sqlite3/common
  - sqlite3/perf-threadsafe (3.41.2):
    - sqlite3/common
  - sqlite3/rtree (3.41.2):
    - sqlite3/common
  - sqlite3_flutter_libs (0.0.1):
    - Flutter
    - sqlite3 (~> 3.41.2)
    - sqlite3/fts5
    - sqlite3/perf-threadsafe
    - sqlite3/rtree
  - syncfusion_flutter_pdfviewer (0.0.1):
    - Flutter
  - url_launcher_ios (0.0.1):
    - Flutter
  - volume_controller (0.0.1):
    - Flutter
  - wakelock_plus (0.0.1):
    - Flutter
  - webview_flutter_wkwebview (0.0.1):
    - Flutter

DEPENDENCIES:
  - app_links (from `.symlinks/plugins/app_links/ios`)
  - device_info_plus (from `.symlinks/plugins/device_info_plus/ios`)
  - file_selector_ios (from `.symlinks/plugins/file_selector_ios/ios`)
  - Flutter (from `Flutter`)
  - image_picker_ios (from `.symlinks/plugins/image_picker_ios/ios`)
  - integration_test (from `.symlinks/plugins/integration_test/ios`)
  - media_kit_libs_ios_video (from `.symlinks/plugins/media_kit_libs_ios_video/ios`)
  - media_kit_native_event_loop (from `.symlinks/plugins/media_kit_native_event_loop/ios`)
  - media_kit_video (from `.symlinks/plugins/media_kit_video/ios`)
  - package_info_plus (from `.symlinks/plugins/package_info_plus/ios`)
  - path_provider_foundation (from `.symlinks/plugins/path_provider_foundation/darwin`)
  - screen_brightness_ios (from `.symlinks/plugins/screen_brightness_ios/ios`)
  - shared_preferences_foundation (from `.symlinks/plugins/shared_preferences_foundation/darwin`)
  - sign_in_with_apple (from `.symlinks/plugins/sign_in_with_apple/ios`)
  - sqlite3_flutter_libs (from `.symlinks/plugins/sqlite3_flutter_libs/ios`)
  - syncfusion_flutter_pdfviewer (from `.symlinks/plugins/syncfusion_flutter_pdfviewer/ios`)
  - url_launcher_ios (from `.symlinks/plugins/url_launcher_ios/ios`)
  - volume_controller (from `.symlinks/plugins/volume_controller/ios`)
  - wakelock_plus (from `.symlinks/plugins/wakelock_plus/ios`)
  - webview_flutter_wkwebview (from `.symlinks/plugins/webview_flutter_wkwebview/ios`)

SPEC REPOS:
  trunk:
    - sqlite3

EXTERNAL SOURCES:
  app_links:
    :path: ".symlinks/plugins/app_links/ios"
  device_info_plus:
    :path: ".symlinks/plugins/device_info_plus/ios"
  file_selector_ios:
    :path: ".symlinks/plugins/file_selector_ios/ios"
  Flutter:
    :path: Flutter
  image_picker_ios:
    :path: ".symlinks/plugins/image_picker_ios/ios"
  integration_test:
    :path: ".symlinks/plugins/integration_test/ios"
  media_kit_libs_ios_video:
    :path: ".symlinks/plugins/media_kit_libs_ios_video/ios"
  media_kit_native_event_loop:
    :path: ".symlinks/plugins/media_kit_native_event_loop/ios"
  media_kit_video:
    :path: ".symlinks/plugins/media_kit_video/ios"
  package_info_plus:
    :path: ".symlinks/plugins/package_info_plus/ios"
  path_provider_foundation:
    :path: ".symlinks/plugins/path_provider_foundation/darwin"
  screen_brightness_ios:
    :path: ".symlinks/plugins/screen_brightness_ios/ios"
  shared_preferences_foundation:
    :path: ".symlinks/plugins/shared_preferences_foundation/darwin"
  sign_in_with_apple:
    :path: ".symlinks/plugins/sign_in_with_apple/ios"
  sqlite3_flutter_libs:
    :path: ".symlinks/plugins/sqlite3_flutter_libs/ios"
  syncfusion_flutter_pdfviewer:
    :path: ".symlinks/plugins/syncfusion_flutter_pdfviewer/ios"
  url_launcher_ios:
    :path: ".symlinks/plugins/url_launcher_ios/ios"
  volume_controller:
    :path: ".symlinks/plugins/volume_controller/ios"
  wakelock_plus:
    :path: ".symlinks/plugins/wakelock_plus/ios"
  webview_flutter_wkwebview:
    :path: ".symlinks/plugins/webview_flutter_wkwebview/ios"

SPEC CHECKSUMS:
  app_links: 5ef33d0d295a89d9d16bb81b0e3b0d5f70d6c875
  device_info_plus: 7545d84d8d1b896cb16a4ff98c19f07ec4b298ea
  file_selector_ios: 8c25d700d625e1dcdd6599f2d927072f2254647b
  Flutter: f04841e97a9d0b0a8025694d0796dd46242b2854
  image_picker_ios: 4a8aadfbb6dc30ad5141a2ce3832af9214a705b5
  integration_test: 13825b8a9334a850581300559b8839134b124670
  media_kit_libs_ios_video: a5fe24bc7875ccd6378a0978c13185e1344651c1
  media_kit_native_event_loop: e6b2ab20cf0746eb1c33be961fcf79667304fa2a
  media_kit_video: 5da63f157170e5bf303bf85453b7ef6971218a2e
  package_info_plus: fd030dabf36271f146f1f3beacd48f564b0f17f7
  path_provider_foundation: 29f094ae23ebbca9d3d0cec13889cd9060c0e943
  screen_brightness_ios: 715ca807df953bf676d339f11464e438143ee625
  shared_preferences_foundation: 5b919d13b803cadd15ed2dc053125c68730e5126
  sign_in_with_apple: f3bf75217ea4c2c8b91823f225d70230119b8440
  sqlite3: fd89671d969f3e73efe503ce203e28b016b58f68
  sqlite3_flutter_libs: 04ba0d14a04335a2fbf9a331e8664f401fbccdd5
  syncfusion_flutter_pdfviewer: bb9998884b864cfedf72628df3503bdf57e397c0
  url_launcher_ios: 08a3dfac5fb39e8759aeb0abbd5d9480f30fc8b4
  volume_controller: 531ddf792994285c9b17f9d8a7e4dcdd29b3eae9
  wakelock_plus: 8b09852c8876491e4b6d179e17dfe2a0b5f60d47
  webview_flutter_wkwebview: 2e2d318f21a5e036e2c3f26171342e95908bd60a

PODFILE CHECKSUM: 6b9eb94e9f98a329f2ef624b852a6e42d090af2b

COCOAPODS: 1.13.0
